// !$*UTF8*$!
{
	archiveVersion = 1;
	classes = {
	};
	objectVersion = 46;
	objects = {

/* Begin PBXBuildFile section */
		E822FD151CD772E300C02F43 /* MimeTypes.cpp in Sources */ = {isa = PBXBuildFile; fileRef = E822FD131CD772E300C02F43 /* MimeTypes.cpp */; };
		E822FD161CD772E300C02F43 /* MimeTypes.cpp in Sources */ = {isa = PBXBuildFile; fileRef = E822FD131CD772E300C02F43 /* MimeTypes.cpp */; };
		E827894D1BDD19920009E46A /* ChunkedReader.hpp in CopyFiles */ = {isa = PBXBuildFile; fileRef = E8FAB2461BD7D2CE00E89DC5 /* ChunkedReader.hpp */; };
		E82789501BDD19920009E46A /* HttpHeader.hpp in CopyFiles */ = {isa = PBXBuildFile; fileRef = E8FAB24D1BD7D2CE00E89DC5 /* HttpHeader.hpp */; };
		E82789511BDD19920009E46A /* HttpHeaderParser.hpp in CopyFiles */ = {isa = PBXBuildFile; fileRef = E8FAB24F1BD7D2CE00E89DC5 /* HttpHeaderParser.hpp */; };
		E82789521BDD19920009E46A /* HttpHeaderReader.hpp in CopyFiles */ = {isa = PBXBuildFile; fileRef = E8FAB2511BD7D2CE00E89DC5 /* HttpHeaderReader.hpp */; };
		E82789531BDD19920009E46A /* HttpParameter.hpp in CopyFiles */ = {isa = PBXBuildFile; fileRef = E8FAB2531BD7D2CE00E89DC5 /* HttpParameter.hpp */; };
		E82789551BDD19920009E46A /* HttpRequest.hpp in CopyFiles */ = {isa = PBXBuildFile; fileRef = E8FAB2571BD7D2CE00E89DC5 /* HttpRequest.hpp */; };
		E82789561BDD19920009E46A /* HttpResponse.hpp in CopyFiles */ = {isa = PBXBuildFile; fileRef = E8FAB2591BD7D2CE00E89DC5 /* HttpResponse.hpp */; };
		E82789581BDD19920009E46A /* HttpStatusCodes.hpp in CopyFiles */ = {isa = PBXBuildFile; fileRef = E8FAB25D1BD7D2CE00E89DC5 /* HttpStatusCodes.hpp */; };
		E827895D1BDD19920009E46A /* Url.hpp in CopyFiles */ = {isa = PBXBuildFile; fileRef = E8FAB2651BD7D2CE00E89DC5 /* Url.hpp */; };
		E869404D1D1C004900192CBB /* BasicAuth.cpp in Sources */ = {isa = PBXBuildFile; fileRef = E86940491D1C004900192CBB /* BasicAuth.cpp */; };
		E869404E1D1C004900192CBB /* BasicAuth.cpp in Sources */ = {isa = PBXBuildFile; fileRef = E86940491D1C004900192CBB /* BasicAuth.cpp */; };
		E869404F1D1C004900192CBB /* HttpAuth.cpp in Sources */ = {isa = PBXBuildFile; fileRef = E869404B1D1C004900192CBB /* HttpAuth.cpp */; };
		E86940501D1C004900192CBB /* HttpAuth.cpp in Sources */ = {isa = PBXBuildFile; fileRef = E869404B1D1C004900192CBB /* HttpAuth.cpp */; };
		E87F366C1C51067A00970869 /* HttpSession.cpp in Sources */ = {isa = PBXBuildFile; fileRef = E87F36681C51067A00970869 /* HttpSession.cpp */; };
		E87F366D1C51067A00970869 /* HttpSession.cpp in Sources */ = {isa = PBXBuildFile; fileRef = E87F36681C51067A00970869 /* HttpSession.cpp */; };
		E87F366E1C51067A00970869 /* HttpSessionManager.cpp in Sources */ = {isa = PBXBuildFile; fileRef = E87F366A1C51067A00970869 /* HttpSessionManager.cpp */; };
		E87F366F1C51067A00970869 /* HttpSessionManager.cpp in Sources */ = {isa = PBXBuildFile; fileRef = E87F366A1C51067A00970869 /* HttpSessionManager.cpp */; };
		E88A80141CB446FB00241D44 /* BufferIndicator.cpp in Sources */ = {isa = PBXBuildFile; fileRef = E88A800D1CB446FB00241D44 /* BufferIndicator.cpp */; };
		E88A80151CB4473300241D44 /* BufferIndicator.cpp in Sources */ = {isa = PBXBuildFile; fileRef = E88A800D1CB446FB00241D44 /* BufferIndicator.cpp */; };
		E89501521C14648B009434B1 /* HttpEncoderDecoder.cpp in Sources */ = {isa = PBXBuildFile; fileRef = E89501501C14648B009434B1 /* HttpEncoderDecoder.cpp */; };
		E89501531C1464A3009434B1 /* HttpEncoderDecoder.cpp in Sources */ = {isa = PBXBuildFile; fileRef = E89501501C14648B009434B1 /* HttpEncoderDecoder.cpp */; };
		E8AC4F5D1C89C09A00504E50 /* LispPage.cpp in Sources */ = {isa = PBXBuildFile; fileRef = E8AC4F5B1C89C09A00504E50 /* LispPage.cpp */; };
		E8AC4F5E1C89C09A00504E50 /* LispPage.cpp in Sources */ = {isa = PBXBuildFile; fileRef = E8AC4F5B1C89C09A00504E50 /* LispPage.cpp */; };
		E8B160DE1BF9E4FA002D68C7 /* Packet.cpp in Sources */ = {isa = PBXBuildFile; fileRef = E8B160DC1BF9E4FA002D68C7 /* Packet.cpp */; };
		E8B160DF1BF9E90F002D68C7 /* Packet.cpp in Sources */ = {isa = PBXBuildFile; fileRef = E8B160DC1BF9E4FA002D68C7 /* Packet.cpp */; };
		E8B160E21BFA9333002D68C7 /* ConnectionManager.cpp in Sources */ = {isa = PBXBuildFile; fileRef = E8B160E01BFA9333002D68C7 /* ConnectionManager.cpp */; };
		E8B160E31BFA9333002D68C7 /* ConnectionManager.cpp in Sources */ = {isa = PBXBuildFile; fileRef = E8B160E01BFA9333002D68C7 /* ConnectionManager.cpp */; };
		E8B160E61BFA93CB002D68C7 /* Connection.cpp in Sources */ = {isa = PBXBuildFile; fileRef = E8B160E41BFA93CB002D68C7 /* Connection.cpp */; };
		E8B160E71BFA93CB002D68C7 /* Connection.cpp in Sources */ = {isa = PBXBuildFile; fileRef = E8B160E41BFA93CB002D68C7 /* Connection.cpp */; };
		E8B160EA1BFA9431002D68C7 /* Communication.cpp in Sources */ = {isa = PBXBuildFile; fileRef = E8B160E81BFA9431002D68C7 /* Communication.cpp */; };
		E8B160EB1BFA9431002D68C7 /* Communication.cpp in Sources */ = {isa = PBXBuildFile; fileRef = E8B160E81BFA9431002D68C7 /* Communication.cpp */; };
		E8B160EE1BFA9D71002D68C7 /* DataTransfer.cpp in Sources */ = {isa = PBXBuildFile; fileRef = E8B160EC1BFA9D71002D68C7 /* DataTransfer.cpp */; };
		E8B160EF1BFA9D71002D68C7 /* DataTransfer.cpp in Sources */ = {isa = PBXBuildFile; fileRef = E8B160EC1BFA9D71002D68C7 /* DataTransfer.cpp */; };
		E8B160FB1BFB4DE1002D68C7 /* AnotherHttpServer.cpp in Sources */ = {isa = PBXBuildFile; fileRef = E8B160F71BFB4DE1002D68C7 /* AnotherHttpServer.cpp */; };
		E8B160FC1BFB4DE1002D68C7 /* AnotherHttpServer.cpp in Sources */ = {isa = PBXBuildFile; fileRef = E8B160F71BFB4DE1002D68C7 /* AnotherHttpServer.cpp */; };
		E8B160FD1BFB4DE1002D68C7 /* ChunkedTransfer.cpp in Sources */ = {isa = PBXBuildFile; fileRef = E8B160F91BFB4DE1002D68C7 /* ChunkedTransfer.cpp */; };
		E8B160FE1BFB4DE1002D68C7 /* ChunkedTransfer.cpp in Sources */ = {isa = PBXBuildFile; fileRef = E8B160F91BFB4DE1002D68C7 /* ChunkedTransfer.cpp */; };
		E8B161131BFB6099002D68C7 /* FixedTransfer.cpp in Sources */ = {isa = PBXBuildFile; fileRef = E8B161111BFB6099002D68C7 /* FixedTransfer.cpp */; };
		E8B161141BFB6099002D68C7 /* FixedTransfer.cpp in Sources */ = {isa = PBXBuildFile; fileRef = E8B161111BFB6099002D68C7 /* FixedTransfer.cpp */; };
		E8B161361BFDF2F0002D68C7 /* AnotherHttpClient.cpp in Sources */ = {isa = PBXBuildFile; fileRef = E8B161301BFDF2F0002D68C7 /* AnotherHttpClient.cpp */; };
		E8B161371BFDF2F0002D68C7 /* ConnectionThreadPool.cpp in Sources */ = {isa = PBXBuildFile; fileRef = E8B161321BFDF2F0002D68C7 /* ConnectionThreadPool.cpp */; };
		E8B161391BFDF8B9002D68C7 /* AnotherHttpClient.cpp in Sources */ = {isa = PBXBuildFile; fileRef = E8B161301BFDF2F0002D68C7 /* AnotherHttpClient.cpp */; };
		E8B1613A1BFDF8B9002D68C7 /* ConnectionThreadPool.cpp in Sources */ = {isa = PBXBuildFile; fileRef = E8B161321BFDF2F0002D68C7 /* ConnectionThreadPool.cpp */; };
		E8E0FEA91BD848EB00292C54 /* http_server.mm in Sources */ = {isa = PBXBuildFile; fileRef = E8FAB23D1BD7D29800E89DC5 /* http_server.mm */; };
		E8E0FEAB1BD848EB00292C54 /* HttpHeaderReader.cpp in Sources */ = {isa = PBXBuildFile; fileRef = E8FAB2501BD7D2CE00E89DC5 /* HttpHeaderReader.cpp */; };
		E8E0FEAD1BD848EB00292C54 /* ChunkedReader.cpp in Sources */ = {isa = PBXBuildFile; fileRef = E8FAB2451BD7D2CE00E89DC5 /* ChunkedReader.cpp */; };
		E8E0FEAE1BD848EB00292C54 /* HttpParameter.cpp in Sources */ = {isa = PBXBuildFile; fileRef = E8FAB2521BD7D2CE00E89DC5 /* HttpParameter.cpp */; };
		E8E0FEAF1BD848EB00292C54 /* HttpResponse.cpp in Sources */ = {isa = PBXBuildFile; fileRef = E8FAB2581BD7D2CE00E89DC5 /* HttpResponse.cpp */; };
		E8E0FEB11BD848EB00292C54 /* HttpRequest.cpp in Sources */ = {isa = PBXBuildFile; fileRef = E8FAB2561BD7D2CE00E89DC5 /* HttpRequest.cpp */; };
		E8E0FEB41BD848EB00292C54 /* Url.cpp in Sources */ = {isa = PBXBuildFile; fileRef = E8FAB2641BD7D2CE00E89DC5 /* Url.cpp */; };
		E8E0FEB51BD848EB00292C54 /* HttpHeader.cpp in Sources */ = {isa = PBXBuildFile; fileRef = E8FAB24C1BD7D2CE00E89DC5 /* HttpHeader.cpp */; };
		E8E0FEB71BD848EB00292C54 /* HttpHeaderParser.cpp in Sources */ = {isa = PBXBuildFile; fileRef = E8FAB24E1BD7D2CE00E89DC5 /* HttpHeaderParser.cpp */; };
		E8E0FEB81BD848EB00292C54 /* HttpStatusCodes.cpp in Sources */ = {isa = PBXBuildFile; fileRef = E8FAB25C1BD7D2CE00E89DC5 /* HttpStatusCodes.cpp */; };
		E8E0FEBC1BD848EB00292C54 /* http_server.h in CopyFiles */ = {isa = PBXBuildFile; fileRef = E8FAB23B1BD7D29800E89DC5 /* http_server.h */; };
		E8E0FEE21BD8496300292C54 /* liboslayer-cocoa.a in Frameworks */ = {isa = PBXBuildFile; fileRef = E8FAB2981BD7D39000E89DC5 /* liboslayer-cocoa.a */; };
		E8FAB23C1BD7D29800E89DC5 /* http_server.h in CopyFiles */ = {isa = PBXBuildFile; fileRef = E8FAB23B1BD7D29800E89DC5 /* http_server.h */; };
		E8FAB23E1BD7D29800E89DC5 /* http_server.mm in Sources */ = {isa = PBXBuildFile; fileRef = E8FAB23D1BD7D29800E89DC5 /* http_server.mm */; };
		E8FAB2661BD7D2CE00E89DC5 /* ChunkedReader.cpp in Sources */ = {isa = PBXBuildFile; fileRef = E8FAB2451BD7D2CE00E89DC5 /* ChunkedReader.cpp */; };
		E8FAB2691BD7D2CE00E89DC5 /* HttpHeader.cpp in Sources */ = {isa = PBXBuildFile; fileRef = E8FAB24C1BD7D2CE00E89DC5 /* HttpHeader.cpp */; };
		E8FAB26A1BD7D2CE00E89DC5 /* HttpHeaderParser.cpp in Sources */ = {isa = PBXBuildFile; fileRef = E8FAB24E1BD7D2CE00E89DC5 /* HttpHeaderParser.cpp */; };
		E8FAB26B1BD7D2CE00E89DC5 /* HttpHeaderReader.cpp in Sources */ = {isa = PBXBuildFile; fileRef = E8FAB2501BD7D2CE00E89DC5 /* HttpHeaderReader.cpp */; };
		E8FAB26C1BD7D2CE00E89DC5 /* HttpParameter.cpp in Sources */ = {isa = PBXBuildFile; fileRef = E8FAB2521BD7D2CE00E89DC5 /* HttpParameter.cpp */; };
		E8FAB26E1BD7D2CE00E89DC5 /* HttpRequest.cpp in Sources */ = {isa = PBXBuildFile; fileRef = E8FAB2561BD7D2CE00E89DC5 /* HttpRequest.cpp */; };
		E8FAB26F1BD7D2CE00E89DC5 /* HttpResponse.cpp in Sources */ = {isa = PBXBuildFile; fileRef = E8FAB2581BD7D2CE00E89DC5 /* HttpResponse.cpp */; };
		E8FAB2711BD7D2CE00E89DC5 /* HttpStatusCodes.cpp in Sources */ = {isa = PBXBuildFile; fileRef = E8FAB25C1BD7D2CE00E89DC5 /* HttpStatusCodes.cpp */; };
		E8FAB2741BD7D2CE00E89DC5 /* Url.cpp in Sources */ = {isa = PBXBuildFile; fileRef = E8FAB2641BD7D2CE00E89DC5 /* Url.cpp */; };
		E8FAB29B1BD7D3B700E89DC5 /* liboslayer.a in Frameworks */ = {isa = PBXBuildFile; fileRef = E8FAB2961BD7D39000E89DC5 /* liboslayer.a */; };
/* End PBXBuildFile section */

/* Begin PBXContainerItemProxy section */
		E827895F1BDD1B690009E46A /* PBXContainerItemProxy */ = {
			isa = PBXContainerItemProxy;
			containerPortal = E8FAB2901BD7D39000E89DC5 /* oslayer.xcodeproj */;
			proxyType = 1;
			remoteGlobalIDString = E8FAB2111BD7C36200E89DC5;
			remoteInfo = "oslayer-cocoa";
		};
		E8FAB2951BD7D39000E89DC5 /* PBXContainerItemProxy */ = {
			isa = PBXContainerItemProxy;
			containerPortal = E8FAB2901BD7D39000E89DC5 /* oslayer.xcodeproj */;
			proxyType = 2;
			remoteGlobalIDString = E882FE7E1BD5312600E1C8C7;
			remoteInfo = oslayer;
		};
		E8FAB2971BD7D39000E89DC5 /* PBXContainerItemProxy */ = {
			isa = PBXContainerItemProxy;
			containerPortal = E8FAB2901BD7D39000E89DC5 /* oslayer.xcodeproj */;
			proxyType = 2;
			remoteGlobalIDString = E8FAB21E1BD7C36200E89DC5;
			remoteInfo = "oslayer-cocoa";
		};
		E8FAB2991BD7D3B000E89DC5 /* PBXContainerItemProxy */ = {
			isa = PBXContainerItemProxy;
			containerPortal = E8FAB2901BD7D39000E89DC5 /* oslayer.xcodeproj */;
			proxyType = 1;
			remoteGlobalIDString = E882FE7D1BD5312600E1C8C7;
			remoteInfo = oslayer;
		};
/* End PBXContainerItemProxy section */

/* Begin PBXCopyFilesBuildPhase section */
		E8E0FEBB1BD848EB00292C54 /* CopyFiles */ = {
			isa = PBXCopyFilesBuildPhase;
			buildActionMask = 2147483647;
			dstPath = "include/$(PRODUCT_NAME)";
			dstSubfolderSpec = 16;
			files = (
				E8E0FEBC1BD848EB00292C54 /* http_server.h in CopyFiles */,
			);
			runOnlyForDeploymentPostprocessing = 0;
		};
		E8FAB2361BD7D29800E89DC5 /* CopyFiles */ = {
			isa = PBXCopyFilesBuildPhase;
			buildActionMask = 2147483647;
			dstPath = "include/$(PRODUCT_NAME)";
			dstSubfolderSpec = 16;
			files = (
				E827894D1BDD19920009E46A /* ChunkedReader.hpp in CopyFiles */,
				E82789501BDD19920009E46A /* HttpHeader.hpp in CopyFiles */,
				E82789511BDD19920009E46A /* HttpHeaderParser.hpp in CopyFiles */,
				E82789521BDD19920009E46A /* HttpHeaderReader.hpp in CopyFiles */,
				E82789531BDD19920009E46A /* HttpParameter.hpp in CopyFiles */,
				E82789551BDD19920009E46A /* HttpRequest.hpp in CopyFiles */,
				E82789561BDD19920009E46A /* HttpResponse.hpp in CopyFiles */,
				E82789581BDD19920009E46A /* HttpStatusCodes.hpp in CopyFiles */,
				E827895D1BDD19920009E46A /* Url.hpp in CopyFiles */,
				E8FAB23C1BD7D29800E89DC5 /* http_server.h in CopyFiles */,
			);
			runOnlyForDeploymentPostprocessing = 0;
		};
/* End PBXCopyFilesBuildPhase section */

/* Begin PBXFileReference section */
		E822FD131CD772E300C02F43 /* MimeTypes.cpp */ = {isa = PBXFileReference; fileEncoding = 4; lastKnownFileType = sourcecode.cpp.cpp; name = MimeTypes.cpp; path = "../../libhttp-server/MimeTypes.cpp"; sourceTree = "<group>"; };
		E822FD141CD772E300C02F43 /* MimeTypes.hpp */ = {isa = PBXFileReference; fileEncoding = 4; lastKnownFileType = sourcecode.cpp.h; name = MimeTypes.hpp; path = "../../libhttp-server/MimeTypes.hpp"; sourceTree = "<group>"; };
		E86940491D1C004900192CBB /* BasicAuth.cpp */ = {isa = PBXFileReference; fileEncoding = 4; lastKnownFileType = sourcecode.cpp.cpp; name = BasicAuth.cpp; path = "../../libhttp-server/BasicAuth.cpp"; sourceTree = "<group>"; };
		E869404A1D1C004900192CBB /* BasicAuth.hpp */ = {isa = PBXFileReference; fileEncoding = 4; lastKnownFileType = sourcecode.cpp.h; name = BasicAuth.hpp; path = "../../libhttp-server/BasicAuth.hpp"; sourceTree = "<group>"; };
		E869404B1D1C004900192CBB /* HttpAuth.cpp */ = {isa = PBXFileReference; fileEncoding = 4; lastKnownFileType = sourcecode.cpp.cpp; name = HttpAuth.cpp; path = "../../libhttp-server/HttpAuth.cpp"; sourceTree = "<group>"; };
		E869404C1D1C004900192CBB /* HttpAuth.hpp */ = {isa = PBXFileReference; fileEncoding = 4; lastKnownFileType = sourcecode.cpp.h; name = HttpAuth.hpp; path = "../../libhttp-server/HttpAuth.hpp"; sourceTree = "<group>"; };
		E87F36681C51067A00970869 /* HttpSession.cpp */ = {isa = PBXFileReference; fileEncoding = 4; lastKnownFileType = sourcecode.cpp.cpp; name = HttpSession.cpp; path = "../../libhttp-server/HttpSession.cpp"; sourceTree = "<group>"; };
		E87F36691C51067A00970869 /* HttpSession.hpp */ = {isa = PBXFileReference; fileEncoding = 4; lastKnownFileType = sourcecode.cpp.h; name = HttpSession.hpp; path = "../../libhttp-server/HttpSession.hpp"; sourceTree = "<group>"; };
		E87F366A1C51067A00970869 /* HttpSessionManager.cpp */ = {isa = PBXFileReference; fileEncoding = 4; lastKnownFileType = sourcecode.cpp.cpp; name = HttpSessionManager.cpp; path = "../../libhttp-server/HttpSessionManager.cpp"; sourceTree = "<group>"; };
		E87F366B1C51067A00970869 /* HttpSessionManager.hpp */ = {isa = PBXFileReference; fileEncoding = 4; lastKnownFileType = sourcecode.cpp.h; name = HttpSessionManager.hpp; path = "../../libhttp-server/HttpSessionManager.hpp"; sourceTree = "<group>"; };
		E88A800D1CB446FB00241D44 /* BufferIndicator.cpp */ = {isa = PBXFileReference; fileEncoding = 4; lastKnownFileType = sourcecode.cpp.cpp; name = BufferIndicator.cpp; path = "../../libhttp-server/BufferIndicator.cpp"; sourceTree = "<group>"; };
		E88A800E1CB446FB00241D44 /* BufferIndicator.hpp */ = {isa = PBXFileReference; fileEncoding = 4; lastKnownFileType = sourcecode.cpp.h; name = BufferIndicator.hpp; path = "../../libhttp-server/BufferIndicator.hpp"; sourceTree = "<group>"; };
		E88A800F1CB446FB00241D44 /* DataSink.hpp */ = {isa = PBXFileReference; fileEncoding = 4; lastKnownFileType = sourcecode.cpp.h; name = DataSink.hpp; path = "../../libhttp-server/DataSink.hpp"; sourceTree = "<group>"; };
		E88A80101CB446FB00241D44 /* DataSource.hpp */ = {isa = PBXFileReference; fileEncoding = 4; lastKnownFileType = sourcecode.cpp.h; name = DataSource.hpp; path = "../../libhttp-server/DataSource.hpp"; sourceTree = "<group>"; };
		E88A80111CB446FB00241D44 /* FileDataSource.hpp */ = {isa = PBXFileReference; fileEncoding = 4; lastKnownFileType = sourcecode.cpp.h; name = FileDataSource.hpp; path = "../../libhttp-server/FileDataSource.hpp"; sourceTree = "<group>"; };
		E88A80121CB446FB00241D44 /* StringDataSink.hpp */ = {isa = PBXFileReference; fileEncoding = 4; lastKnownFileType = sourcecode.cpp.h; name = StringDataSink.hpp; path = "../../libhttp-server/StringDataSink.hpp"; sourceTree = "<group>"; };
		E88A80131CB446FB00241D44 /* StringDataSource.hpp */ = {isa = PBXFileReference; fileEncoding = 4; lastKnownFileType = sourcecode.cpp.h; name = StringDataSource.hpp; path = "../../libhttp-server/StringDataSource.hpp"; sourceTree = "<group>"; };
		E89501501C14648B009434B1 /* HttpEncoderDecoder.cpp */ = {isa = PBXFileReference; fileEncoding = 4; lastKnownFileType = sourcecode.cpp.cpp; name = HttpEncoderDecoder.cpp; path = "../../libhttp-server/HttpEncoderDecoder.cpp"; sourceTree = "<group>"; };
		E89501511C14648B009434B1 /* HttpEncoderDecoder.hpp */ = {isa = PBXFileReference; fileEncoding = 4; lastKnownFileType = sourcecode.cpp.h; name = HttpEncoderDecoder.hpp; path = "../../libhttp-server/HttpEncoderDecoder.hpp"; sourceTree = "<group>"; };
		E8AC4F5A1C89C09A00504E50 /* HttpSessionTool.hpp */ = {isa = PBXFileReference; fileEncoding = 4; lastKnownFileType = sourcecode.cpp.h; name = HttpSessionTool.hpp; path = "../../libhttp-server/HttpSessionTool.hpp"; sourceTree = "<group>"; };
		E8AC4F5B1C89C09A00504E50 /* LispPage.cpp */ = {isa = PBXFileReference; fileEncoding = 4; lastKnownFileType = sourcecode.cpp.cpp; name = LispPage.cpp; path = "../../libhttp-server/LispPage.cpp"; sourceTree = "<group>"; };
		E8AC4F5C1C89C09A00504E50 /* LispPage.hpp */ = {isa = PBXFileReference; fileEncoding = 4; lastKnownFileType = sourcecode.cpp.h; name = LispPage.hpp; path = "../../libhttp-server/LispPage.hpp"; sourceTree = "<group>"; };
		E8B160DC1BF9E4FA002D68C7 /* Packet.cpp */ = {isa = PBXFileReference; fileEncoding = 4; lastKnownFileType = sourcecode.cpp.cpp; name = Packet.cpp; path = "../../libhttp-server/Packet.cpp"; sourceTree = "<group>"; };
		E8B160DD1BF9E4FA002D68C7 /* Packet.hpp */ = {isa = PBXFileReference; fileEncoding = 4; lastKnownFileType = sourcecode.cpp.h; name = Packet.hpp; path = "../../libhttp-server/Packet.hpp"; sourceTree = "<group>"; };
		E8B160E01BFA9333002D68C7 /* ConnectionManager.cpp */ = {isa = PBXFileReference; fileEncoding = 4; lastKnownFileType = sourcecode.cpp.cpp; name = ConnectionManager.cpp; path = "../../libhttp-server/ConnectionManager.cpp"; sourceTree = "<group>"; };
		E8B160E11BFA9333002D68C7 /* ConnectionManager.hpp */ = {isa = PBXFileReference; fileEncoding = 4; lastKnownFileType = sourcecode.cpp.h; name = ConnectionManager.hpp; path = "../../libhttp-server/ConnectionManager.hpp"; sourceTree = "<group>"; };
		E8B160E41BFA93CB002D68C7 /* Connection.cpp */ = {isa = PBXFileReference; fileEncoding = 4; lastKnownFileType = sourcecode.cpp.cpp; name = Connection.cpp; path = "../../libhttp-server/Connection.cpp"; sourceTree = "<group>"; };
		E8B160E51BFA93CB002D68C7 /* Connection.hpp */ = {isa = PBXFileReference; fileEncoding = 4; lastKnownFileType = sourcecode.cpp.h; name = Connection.hpp; path = "../../libhttp-server/Connection.hpp"; sourceTree = "<group>"; };
		E8B160E81BFA9431002D68C7 /* Communication.cpp */ = {isa = PBXFileReference; fileEncoding = 4; lastKnownFileType = sourcecode.cpp.cpp; name = Communication.cpp; path = "../../libhttp-server/Communication.cpp"; sourceTree = "<group>"; };
		E8B160E91BFA9431002D68C7 /* Communication.hpp */ = {isa = PBXFileReference; fileEncoding = 4; lastKnownFileType = sourcecode.cpp.h; name = Communication.hpp; path = "../../libhttp-server/Communication.hpp"; sourceTree = "<group>"; };
		E8B160EC1BFA9D71002D68C7 /* DataTransfer.cpp */ = {isa = PBXFileReference; fileEncoding = 4; lastKnownFileType = sourcecode.cpp.cpp; name = DataTransfer.cpp; path = "../../libhttp-server/DataTransfer.cpp"; sourceTree = "<group>"; };
		E8B160ED1BFA9D71002D68C7 /* DataTransfer.hpp */ = {isa = PBXFileReference; fileEncoding = 4; lastKnownFileType = sourcecode.cpp.h; name = DataTransfer.hpp; path = "../../libhttp-server/DataTransfer.hpp"; sourceTree = "<group>"; };
		E8B160F71BFB4DE1002D68C7 /* AnotherHttpServer.cpp */ = {isa = PBXFileReference; fileEncoding = 4; lastKnownFileType = sourcecode.cpp.cpp; name = AnotherHttpServer.cpp; path = "../../libhttp-server/AnotherHttpServer.cpp"; sourceTree = "<group>"; };
		E8B160F81BFB4DE1002D68C7 /* AnotherHttpServer.hpp */ = {isa = PBXFileReference; fileEncoding = 4; lastKnownFileType = sourcecode.cpp.h; name = AnotherHttpServer.hpp; path = "../../libhttp-server/AnotherHttpServer.hpp"; sourceTree = "<group>"; };
		E8B160F91BFB4DE1002D68C7 /* ChunkedTransfer.cpp */ = {isa = PBXFileReference; fileEncoding = 4; lastKnownFileType = sourcecode.cpp.cpp; name = ChunkedTransfer.cpp; path = "../../libhttp-server/ChunkedTransfer.cpp"; sourceTree = "<group>"; };
		E8B160FA1BFB4DE1002D68C7 /* ChunkedTransfer.hpp */ = {isa = PBXFileReference; fileEncoding = 4; lastKnownFileType = sourcecode.cpp.h; name = ChunkedTransfer.hpp; path = "../../libhttp-server/ChunkedTransfer.hpp"; sourceTree = "<group>"; };
		E8B161111BFB6099002D68C7 /* FixedTransfer.cpp */ = {isa = PBXFileReference; fileEncoding = 4; lastKnownFileType = sourcecode.cpp.cpp; name = FixedTransfer.cpp; path = "../../libhttp-server/FixedTransfer.cpp"; sourceTree = "<group>"; };
		E8B161121BFB6099002D68C7 /* FixedTransfer.hpp */ = {isa = PBXFileReference; fileEncoding = 4; lastKnownFileType = sourcecode.cpp.h; name = FixedTransfer.hpp; path = "../../libhttp-server/FixedTransfer.hpp"; sourceTree = "<group>"; };
		E8B161301BFDF2F0002D68C7 /* AnotherHttpClient.cpp */ = {isa = PBXFileReference; fileEncoding = 4; lastKnownFileType = sourcecode.cpp.cpp; name = AnotherHttpClient.cpp; path = "../../libhttp-server/AnotherHttpClient.cpp"; sourceTree = "<group>"; };
		E8B161311BFDF2F0002D68C7 /* AnotherHttpClient.hpp */ = {isa = PBXFileReference; fileEncoding = 4; lastKnownFileType = sourcecode.cpp.h; name = AnotherHttpClient.hpp; path = "../../libhttp-server/AnotherHttpClient.hpp"; sourceTree = "<group>"; };
		E8B161321BFDF2F0002D68C7 /* ConnectionThreadPool.cpp */ = {isa = PBXFileReference; fileEncoding = 4; lastKnownFileType = sourcecode.cpp.cpp; name = ConnectionThreadPool.cpp; path = "../../libhttp-server/ConnectionThreadPool.cpp"; sourceTree = "<group>"; };
		E8B161331BFDF2F0002D68C7 /* ConnectionThreadPool.hpp */ = {isa = PBXFileReference; fileEncoding = 4; lastKnownFileType = sourcecode.cpp.h; name = ConnectionThreadPool.hpp; path = "../../libhttp-server/ConnectionThreadPool.hpp"; sourceTree = "<group>"; };
		E8E0FEC01BD848EB00292C54 /* libhttp-server-cocoa.a */ = {isa = PBXFileReference; explicitFileType = archive.ar; includeInIndex = 0; path = "libhttp-server-cocoa.a"; sourceTree = BUILT_PRODUCTS_DIR; };
		E8E5232C1C6D957800D1B409 /* HttpServerConfig.hpp */ = {isa = PBXFileReference; fileEncoding = 4; lastKnownFileType = sourcecode.cpp.h; name = HttpServerConfig.hpp; path = "../../libhttp-server/HttpServerConfig.hpp"; sourceTree = "<group>"; };
		E8FAB2381BD7D29800E89DC5 /* libhttp-server.a */ = {isa = PBXFileReference; explicitFileType = archive.ar; includeInIndex = 0; path = "libhttp-server.a"; sourceTree = BUILT_PRODUCTS_DIR; };
		E8FAB23B1BD7D29800E89DC5 /* http_server.h */ = {isa = PBXFileReference; lastKnownFileType = sourcecode.c.h; path = http_server.h; sourceTree = "<group>"; };
		E8FAB23D1BD7D29800E89DC5 /* http_server.mm */ = {isa = PBXFileReference; lastKnownFileType = sourcecode.cpp.objcpp; path = http_server.mm; sourceTree = "<group>"; };
		E8FAB2451BD7D2CE00E89DC5 /* ChunkedReader.cpp */ = {isa = PBXFileReference; fileEncoding = 4; lastKnownFileType = sourcecode.cpp.cpp; name = ChunkedReader.cpp; path = "../../libhttp-server/ChunkedReader.cpp"; sourceTree = "<group>"; };
		E8FAB2461BD7D2CE00E89DC5 /* ChunkedReader.hpp */ = {isa = PBXFileReference; fileEncoding = 4; lastKnownFileType = sourcecode.cpp.h; name = ChunkedReader.hpp; path = "../../libhttp-server/ChunkedReader.hpp"; sourceTree = "<group>"; };
		E8FAB24C1BD7D2CE00E89DC5 /* HttpHeader.cpp */ = {isa = PBXFileReference; fileEncoding = 4; lastKnownFileType = sourcecode.cpp.cpp; name = HttpHeader.cpp; path = "../../libhttp-server/HttpHeader.cpp"; sourceTree = "<group>"; };
		E8FAB24D1BD7D2CE00E89DC5 /* HttpHeader.hpp */ = {isa = PBXFileReference; fileEncoding = 4; lastKnownFileType = sourcecode.cpp.h; name = HttpHeader.hpp; path = "../../libhttp-server/HttpHeader.hpp"; sourceTree = "<group>"; };
		E8FAB24E1BD7D2CE00E89DC5 /* HttpHeaderParser.cpp */ = {isa = PBXFileReference; fileEncoding = 4; lastKnownFileType = sourcecode.cpp.cpp; name = HttpHeaderParser.cpp; path = "../../libhttp-server/HttpHeaderParser.cpp"; sourceTree = "<group>"; };
		E8FAB24F1BD7D2CE00E89DC5 /* HttpHeaderParser.hpp */ = {isa = PBXFileReference; fileEncoding = 4; lastKnownFileType = sourcecode.cpp.h; name = HttpHeaderParser.hpp; path = "../../libhttp-server/HttpHeaderParser.hpp"; sourceTree = "<group>"; };
		E8FAB2501BD7D2CE00E89DC5 /* HttpHeaderReader.cpp */ = {isa = PBXFileReference; fileEncoding = 4; lastKnownFileType = sourcecode.cpp.cpp; name = HttpHeaderReader.cpp; path = "../../libhttp-server/HttpHeaderReader.cpp"; sourceTree = "<group>"; };
		E8FAB2511BD7D2CE00E89DC5 /* HttpHeaderReader.hpp */ = {isa = PBXFileReference; fileEncoding = 4; lastKnownFileType = sourcecode.cpp.h; name = HttpHeaderReader.hpp; path = "../../libhttp-server/HttpHeaderReader.hpp"; sourceTree = "<group>"; };
		E8FAB2521BD7D2CE00E89DC5 /* HttpParameter.cpp */ = {isa = PBXFileReference; fileEncoding = 4; lastKnownFileType = sourcecode.cpp.cpp; name = HttpParameter.cpp; path = "../../libhttp-server/HttpParameter.cpp"; sourceTree = "<group>"; };
		E8FAB2531BD7D2CE00E89DC5 /* HttpParameter.hpp */ = {isa = PBXFileReference; fileEncoding = 4; lastKnownFileType = sourcecode.cpp.h; name = HttpParameter.hpp; path = "../../libhttp-server/HttpParameter.hpp"; sourceTree = "<group>"; };
		E8FAB2561BD7D2CE00E89DC5 /* HttpRequest.cpp */ = {isa = PBXFileReference; fileEncoding = 4; lastKnownFileType = sourcecode.cpp.cpp; name = HttpRequest.cpp; path = "../../libhttp-server/HttpRequest.cpp"; sourceTree = "<group>"; };
		E8FAB2571BD7D2CE00E89DC5 /* HttpRequest.hpp */ = {isa = PBXFileReference; fileEncoding = 4; lastKnownFileType = sourcecode.cpp.h; name = HttpRequest.hpp; path = "../../libhttp-server/HttpRequest.hpp"; sourceTree = "<group>"; };
		E8FAB2581BD7D2CE00E89DC5 /* HttpResponse.cpp */ = {isa = PBXFileReference; fileEncoding = 4; lastKnownFileType = sourcecode.cpp.cpp; name = HttpResponse.cpp; path = "../../libhttp-server/HttpResponse.cpp"; sourceTree = "<group>"; };
		E8FAB2591BD7D2CE00E89DC5 /* HttpResponse.hpp */ = {isa = PBXFileReference; fileEncoding = 4; lastKnownFileType = sourcecode.cpp.h; name = HttpResponse.hpp; path = "../../libhttp-server/HttpResponse.hpp"; sourceTree = "<group>"; };
		E8FAB25C1BD7D2CE00E89DC5 /* HttpStatusCodes.cpp */ = {isa = PBXFileReference; fileEncoding = 4; lastKnownFileType = sourcecode.cpp.cpp; name = HttpStatusCodes.cpp; path = "../../libhttp-server/HttpStatusCodes.cpp"; sourceTree = "<group>"; };
		E8FAB25D1BD7D2CE00E89DC5 /* HttpStatusCodes.hpp */ = {isa = PBXFileReference; fileEncoding = 4; lastKnownFileType = sourcecode.cpp.h; name = HttpStatusCodes.hpp; path = "../../libhttp-server/HttpStatusCodes.hpp"; sourceTree = "<group>"; };
		E8FAB2641BD7D2CE00E89DC5 /* Url.cpp */ = {isa = PBXFileReference; fileEncoding = 4; lastKnownFileType = sourcecode.cpp.cpp; name = Url.cpp; path = "../../libhttp-server/Url.cpp"; sourceTree = "<group>"; };
		E8FAB2651BD7D2CE00E89DC5 /* Url.hpp */ = {isa = PBXFileReference; fileEncoding = 4; lastKnownFileType = sourcecode.cpp.h; name = Url.hpp; path = "../../libhttp-server/Url.hpp"; sourceTree = "<group>"; };
		E8FAB2901BD7D39000E89DC5 /* oslayer.xcodeproj */ = {isa = PBXFileReference; lastKnownFileType = "wrapper.pb-project"; name = oslayer.xcodeproj; path = ../../../oslayer/xcode/oslayer/oslayer.xcodeproj; sourceTree = "<group>"; };
/* End PBXFileReference section */

/* Begin PBXFrameworksBuildPhase section */
		E8E0FEB91BD848EB00292C54 /* Frameworks */ = {
			isa = PBXFrameworksBuildPhase;
			buildActionMask = 2147483647;
			files = (
				E8E0FEE21BD8496300292C54 /* liboslayer-cocoa.a in Frameworks */,
			);
			runOnlyForDeploymentPostprocessing = 0;
		};
		E8FAB2351BD7D29800E89DC5 /* Frameworks */ = {
			isa = PBXFrameworksBuildPhase;
			buildActionMask = 2147483647;
			files = (
				E8FAB29B1BD7D3B700E89DC5 /* liboslayer.a in Frameworks */,
			);
			runOnlyForDeploymentPostprocessing = 0;
		};
/* End PBXFrameworksBuildPhase section */

/* Begin PBXGroup section */
		E8FAB22F1BD7D29800E89DC5 = {
			isa = PBXGroup;
			children = (
				E8FAB2901BD7D39000E89DC5 /* oslayer.xcodeproj */,
				E8FAB2441BD7D2A500E89DC5 /* http-server-c++ */,
				E8FAB23A1BD7D29800E89DC5 /* http-server */,
				E8FAB2391BD7D29800E89DC5 /* Products */,
			);
			sourceTree = "<group>";
		};
		E8FAB2391BD7D29800E89DC5 /* Products */ = {
			isa = PBXGroup;
			children = (
				E8FAB2381BD7D29800E89DC5 /* libhttp-server.a */,
				E8E0FEC01BD848EB00292C54 /* libhttp-server-cocoa.a */,
			);
			name = Products;
			sourceTree = "<group>";
		};
		E8FAB23A1BD7D29800E89DC5 /* http-server */ = {
			isa = PBXGroup;
			children = (
				E8FAB23B1BD7D29800E89DC5 /* http_server.h */,
				E8FAB23D1BD7D29800E89DC5 /* http_server.mm */,
			);
			path = "http-server";
			sourceTree = "<group>";
		};
		E8FAB2441BD7D2A500E89DC5 /* http-server-c++ */ = {
			isa = PBXGroup;
			children = (
				E86940491D1C004900192CBB /* BasicAuth.cpp */,
				E869404A1D1C004900192CBB /* BasicAuth.hpp */,
				E869404B1D1C004900192CBB /* HttpAuth.cpp */,
				E869404C1D1C004900192CBB /* HttpAuth.hpp */,
				E822FD131CD772E300C02F43 /* MimeTypes.cpp */,
				E822FD141CD772E300C02F43 /* MimeTypes.hpp */,
				E88A800D1CB446FB00241D44 /* BufferIndicator.cpp */,
				E88A800E1CB446FB00241D44 /* BufferIndicator.hpp */,
				E88A800F1CB446FB00241D44 /* DataSink.hpp */,
				E88A80101CB446FB00241D44 /* DataSource.hpp */,
				E88A80111CB446FB00241D44 /* FileDataSource.hpp */,
				E88A80121CB446FB00241D44 /* StringDataSink.hpp */,
				E88A80131CB446FB00241D44 /* StringDataSource.hpp */,
				E8AC4F5A1C89C09A00504E50 /* HttpSessionTool.hpp */,
				E8AC4F5B1C89C09A00504E50 /* LispPage.cpp */,
				E8AC4F5C1C89C09A00504E50 /* LispPage.hpp */,
				E8E5232C1C6D957800D1B409 /* HttpServerConfig.hpp */,
				E87F36681C51067A00970869 /* HttpSession.cpp */,
				E87F36691C51067A00970869 /* HttpSession.hpp */,
				E87F366A1C51067A00970869 /* HttpSessionManager.cpp */,
				E87F366B1C51067A00970869 /* HttpSessionManager.hpp */,
				E8B161301BFDF2F0002D68C7 /* AnotherHttpClient.cpp */,
				E8B161311BFDF2F0002D68C7 /* AnotherHttpClient.hpp */,
				E8B160F71BFB4DE1002D68C7 /* AnotherHttpServer.cpp */,
				E8B160F81BFB4DE1002D68C7 /* AnotherHttpServer.hpp */,
				E8B161321BFDF2F0002D68C7 /* ConnectionThreadPool.cpp */,
				E8B161331BFDF2F0002D68C7 /* ConnectionThreadPool.hpp */,
				E8B160E01BFA9333002D68C7 /* ConnectionManager.cpp */,
				E8B160E11BFA9333002D68C7 /* ConnectionManager.hpp */,
				E8B160E41BFA93CB002D68C7 /* Connection.cpp */,
				E8B160E51BFA93CB002D68C7 /* Connection.hpp */,
				E8B160E81BFA9431002D68C7 /* Communication.cpp */,
				E8B160E91BFA9431002D68C7 /* Communication.hpp */,
				E8B160F91BFB4DE1002D68C7 /* ChunkedTransfer.cpp */,
				E8B160FA1BFB4DE1002D68C7 /* ChunkedTransfer.hpp */,
				E8B160EC1BFA9D71002D68C7 /* DataTransfer.cpp */,
				E8B160ED1BFA9D71002D68C7 /* DataTransfer.hpp */,
				E8B161111BFB6099002D68C7 /* FixedTransfer.cpp */,
				E8B161121BFB6099002D68C7 /* FixedTransfer.hpp */,
				E8FAB2451BD7D2CE00E89DC5 /* ChunkedReader.cpp */,
				E8FAB2461BD7D2CE00E89DC5 /* ChunkedReader.hpp */,
				E89501501C14648B009434B1 /* HttpEncoderDecoder.cpp */,
				E89501511C14648B009434B1 /* HttpEncoderDecoder.hpp */,
				E8FAB24C1BD7D2CE00E89DC5 /* HttpHeader.cpp */,
				E8FAB24D1BD7D2CE00E89DC5 /* HttpHeader.hpp */,
				E8FAB24E1BD7D2CE00E89DC5 /* HttpHeaderParser.cpp */,
				E8FAB24F1BD7D2CE00E89DC5 /* HttpHeaderParser.hpp */,
				E8FAB2501BD7D2CE00E89DC5 /* HttpHeaderReader.cpp */,
				E8FAB2511BD7D2CE00E89DC5 /* HttpHeaderReader.hpp */,
				E8FAB2521BD7D2CE00E89DC5 /* HttpParameter.cpp */,
				E8FAB2531BD7D2CE00E89DC5 /* HttpParameter.hpp */,
				E8FAB2561BD7D2CE00E89DC5 /* HttpRequest.cpp */,
				E8FAB2571BD7D2CE00E89DC5 /* HttpRequest.hpp */,
				E8FAB2581BD7D2CE00E89DC5 /* HttpResponse.cpp */,
				E8FAB2591BD7D2CE00E89DC5 /* HttpResponse.hpp */,
				E8FAB25C1BD7D2CE00E89DC5 /* HttpStatusCodes.cpp */,
				E8FAB25D1BD7D2CE00E89DC5 /* HttpStatusCodes.hpp */,
				E8B160DC1BF9E4FA002D68C7 /* Packet.cpp */,
				E8B160DD1BF9E4FA002D68C7 /* Packet.hpp */,
				E8FAB2641BD7D2CE00E89DC5 /* Url.cpp */,
				E8FAB2651BD7D2CE00E89DC5 /* Url.hpp */,
			);
			name = "http-server-c++";
			sourceTree = "<group>";
		};
		E8FAB2911BD7D39000E89DC5 /* Products */ = {
			isa = PBXGroup;
			children = (
				E8FAB2961BD7D39000E89DC5 /* liboslayer.a */,
				E8FAB2981BD7D39000E89DC5 /* liboslayer-cocoa.a */,
			);
			name = Products;
			sourceTree = "<group>";
		};
/* End PBXGroup section */

/* Begin PBXNativeTarget section */
		E8E0FEA51BD848EB00292C54 /* http-server-cocoa */ = {
			isa = PBXNativeTarget;
			buildConfigurationList = E8E0FEBD1BD848EB00292C54 /* Build configuration list for PBXNativeTarget "http-server-cocoa" */;
			buildPhases = (
				E8E0FEA81BD848EB00292C54 /* Sources */,
				E8E0FEB91BD848EB00292C54 /* Frameworks */,
				E8E0FEBB1BD848EB00292C54 /* CopyFiles */,
			);
			buildRules = (
			);
			dependencies = (
				E82789601BDD1B690009E46A /* PBXTargetDependency */,
			);
			name = "http-server-cocoa";
			productName = "http-server";
			productReference = E8E0FEC01BD848EB00292C54 /* libhttp-server-cocoa.a */;
			productType = "com.apple.product-type.library.static";
		};
		E8FAB2371BD7D29800E89DC5 /* http-server */ = {
			isa = PBXNativeTarget;
			buildConfigurationList = E8FAB2411BD7D29800E89DC5 /* Build configuration list for PBXNativeTarget "http-server" */;
			buildPhases = (
				E8FAB2341BD7D29800E89DC5 /* Sources */,
				E8FAB2351BD7D29800E89DC5 /* Frameworks */,
				E8FAB2361BD7D29800E89DC5 /* CopyFiles */,
			);
			buildRules = (
			);
			dependencies = (
				E8FAB29A1BD7D3B000E89DC5 /* PBXTargetDependency */,
			);
			name = "http-server";
			productName = "http-server";
			productReference = E8FAB2381BD7D29800E89DC5 /* libhttp-server.a */;
			productType = "com.apple.product-type.library.static";
		};
/* End PBXNativeTarget section */

/* Begin PBXProject section */
		E8FAB2301BD7D29800E89DC5 /* Project object */ = {
			isa = PBXProject;
			attributes = {
				LastUpgradeCheck = 0710;
				ORGANIZATIONNAME = TJ;
				TargetAttributes = {
					E8FAB2371BD7D29800E89DC5 = {
						CreatedOnToolsVersion = 7.0.1;
					};
				};
			};
			buildConfigurationList = E8FAB2331BD7D29800E89DC5 /* Build configuration list for PBXProject "http-server" */;
			compatibilityVersion = "Xcode 3.2";
			developmentRegion = English;
			hasScannedForEncodings = 0;
			knownRegions = (
				en,
			);
			mainGroup = E8FAB22F1BD7D29800E89DC5;
			productRefGroup = E8FAB2391BD7D29800E89DC5 /* Products */;
			projectDirPath = "";
			projectReferences = (
				{
					ProductGroup = E8FAB2911BD7D39000E89DC5 /* Products */;
					ProjectRef = E8FAB2901BD7D39000E89DC5 /* oslayer.xcodeproj */;
				},
			);
			projectRoot = "";
			targets = (
				E8FAB2371BD7D29800E89DC5 /* http-server */,
				E8E0FEA51BD848EB00292C54 /* http-server-cocoa */,
			);
		};
/* End PBXProject section */

/* Begin PBXReferenceProxy section */
		E8FAB2961BD7D39000E89DC5 /* liboslayer.a */ = {
			isa = PBXReferenceProxy;
			fileType = archive.ar;
			path = liboslayer.a;
			remoteRef = E8FAB2951BD7D39000E89DC5 /* PBXContainerItemProxy */;
			sourceTree = BUILT_PRODUCTS_DIR;
		};
		E8FAB2981BD7D39000E89DC5 /* liboslayer-cocoa.a */ = {
			isa = PBXReferenceProxy;
			fileType = archive.ar;
			path = "liboslayer-cocoa.a";
			remoteRef = E8FAB2971BD7D39000E89DC5 /* PBXContainerItemProxy */;
			sourceTree = BUILT_PRODUCTS_DIR;
		};
/* End PBXReferenceProxy section */

/* Begin PBXSourcesBuildPhase section */
		E8E0FEA81BD848EB00292C54 /* Sources */ = {
			isa = PBXSourcesBuildPhase;
			buildActionMask = 2147483647;
			files = (
				E88A80151CB4473300241D44 /* BufferIndicator.cpp in Sources */,
				E89501531C1464A3009434B1 /* HttpEncoderDecoder.cpp in Sources */,
				E8B161391BFDF8B9002D68C7 /* AnotherHttpClient.cpp in Sources */,
				E8B1613A1BFDF8B9002D68C7 /* ConnectionThreadPool.cpp in Sources */,
				E8B160EF1BFA9D71002D68C7 /* DataTransfer.cpp in Sources */,
				E8B160DF1BF9E90F002D68C7 /* Packet.cpp in Sources */,
				E8E0FEA91BD848EB00292C54 /* http_server.mm in Sources */,
				E87F366F1C51067A00970869 /* HttpSessionManager.cpp in Sources */,
				E8B161141BFB6099002D68C7 /* FixedTransfer.cpp in Sources */,
				E8B160FE1BFB4DE1002D68C7 /* ChunkedTransfer.cpp in Sources */,
				E8E0FEAB1BD848EB00292C54 /* HttpHeaderReader.cpp in Sources */,
				E869404E1D1C004900192CBB /* BasicAuth.cpp in Sources */,
				E8E0FEAD1BD848EB00292C54 /* ChunkedReader.cpp in Sources */,
				E8B160E31BFA9333002D68C7 /* ConnectionManager.cpp in Sources */,
				E822FD161CD772E300C02F43 /* MimeTypes.cpp in Sources */,
				E8E0FEAE1BD848EB00292C54 /* HttpParameter.cpp in Sources */,
				E8E0FEAF1BD848EB00292C54 /* HttpResponse.cpp in Sources */,
				E87F366D1C51067A00970869 /* HttpSession.cpp in Sources */,
				E8B160E71BFA93CB002D68C7 /* Connection.cpp in Sources */,
				E8AC4F5E1C89C09A00504E50 /* LispPage.cpp in Sources */,
				E8E0FEB11BD848EB00292C54 /* HttpRequest.cpp in Sources */,
				E8E0FEB41BD848EB00292C54 /* Url.cpp in Sources */,
				E8E0FEB51BD848EB00292C54 /* HttpHeader.cpp in Sources */,
				E8B160EB1BFA9431002D68C7 /* Communication.cpp in Sources */,
				E8B160FC1BFB4DE1002D68C7 /* AnotherHttpServer.cpp in Sources */,
				E8E0FEB71BD848EB00292C54 /* HttpHeaderParser.cpp in Sources */,
				E8E0FEB81BD848EB00292C54 /* HttpStatusCodes.cpp in Sources */,
				E86940501D1C004900192CBB /* HttpAuth.cpp in Sources */,
			);
			runOnlyForDeploymentPostprocessing = 0;
		};
		E8FAB2341BD7D29800E89DC5 /* Sources */ = {
			isa = PBXSourcesBuildPhase;
			buildActionMask = 2147483647;
			files = (
				E8B161371BFDF2F0002D68C7 /* ConnectionThreadPool.cpp in Sources */,
				E8B160EE1BFA9D71002D68C7 /* DataTransfer.cpp in Sources */,
				E8FAB23E1BD7D29800E89DC5 /* http_server.mm in Sources */,
				E8FAB26B1BD7D2CE00E89DC5 /* HttpHeaderReader.cpp in Sources */,
				E89501521C14648B009434B1 /* HttpEncoderDecoder.cpp in Sources */,
				E8B161131BFB6099002D68C7 /* FixedTransfer.cpp in Sources */,
				E8B160FD1BFB4DE1002D68C7 /* ChunkedTransfer.cpp in Sources */,
				E87F366E1C51067A00970869 /* HttpSessionManager.cpp in Sources */,
				E8B160DE1BF9E4FA002D68C7 /* Packet.cpp in Sources */,
				E88A80141CB446FB00241D44 /* BufferIndicator.cpp in Sources */,
				E8FAB2661BD7D2CE00E89DC5 /* ChunkedReader.cpp in Sources */,
				E869404D1D1C004900192CBB /* BasicAuth.cpp in Sources */,
				E8FAB26C1BD7D2CE00E89DC5 /* HttpParameter.cpp in Sources */,
				E8B160E21BFA9333002D68C7 /* ConnectionManager.cpp in Sources */,
				E822FD151CD772E300C02F43 /* MimeTypes.cpp in Sources */,
				E8FAB26F1BD7D2CE00E89DC5 /* HttpResponse.cpp in Sources */,
				E87F366C1C51067A00970869 /* HttpSession.cpp in Sources */,
				E8B160E61BFA93CB002D68C7 /* Connection.cpp in Sources */,
				E8FAB26E1BD7D2CE00E89DC5 /* HttpRequest.cpp in Sources */,
				E8AC4F5D1C89C09A00504E50 /* LispPage.cpp in Sources */,
				E8FAB2741BD7D2CE00E89DC5 /* Url.cpp in Sources */,
				E8FAB2691BD7D2CE00E89DC5 /* HttpHeader.cpp in Sources */,
				E8B160EA1BFA9431002D68C7 /* Communication.cpp in Sources */,
				E8B160FB1BFB4DE1002D68C7 /* AnotherHttpServer.cpp in Sources */,
				E8FAB26A1BD7D2CE00E89DC5 /* HttpHeaderParser.cpp in Sources */,
				E8B161361BFDF2F0002D68C7 /* AnotherHttpClient.cpp in Sources */,
				E8FAB2711BD7D2CE00E89DC5 /* HttpStatusCodes.cpp in Sources */,
				E869404F1D1C004900192CBB /* HttpAuth.cpp in Sources */,
			);
			runOnlyForDeploymentPostprocessing = 0;
		};
/* End PBXSourcesBuildPhase section */

/* Begin PBXTargetDependency section */
		E82789601BDD1B690009E46A /* PBXTargetDependency */ = {
			isa = PBXTargetDependency;
			name = "oslayer-cocoa";
			targetProxy = E827895F1BDD1B690009E46A /* PBXContainerItemProxy */;
		};
		E8FAB29A1BD7D3B000E89DC5 /* PBXTargetDependency */ = {
			isa = PBXTargetDependency;
			name = oslayer;
			targetProxy = E8FAB2991BD7D3B000E89DC5 /* PBXContainerItemProxy */;
		};
/* End PBXTargetDependency section */

/* Begin XCBuildConfiguration section */
		E8E0FEBE1BD848EB00292C54 /* Debug */ = {
			isa = XCBuildConfiguration;
			buildSettings = {
				COMBINE_HIDPI_IMAGES = YES;
				HEADER_SEARCH_PATHS = ../../../oslayer;
				OTHER_LDFLAGS = "-ObjC";
				PRODUCT_NAME = "$(TARGET_NAME)";
				SDKROOT = macosx;
				SKIP_INSTALL = YES;
			};
			name = Debug;
		};
		E8E0FEBF1BD848EB00292C54 /* Release */ = {
			isa = XCBuildConfiguration;
			buildSettings = {
				COMBINE_HIDPI_IMAGES = YES;
				HEADER_SEARCH_PATHS = ../../../oslayer;
				OTHER_LDFLAGS = "-ObjC";
				PRODUCT_NAME = "$(TARGET_NAME)";
				SDKROOT = macosx;
				SKIP_INSTALL = YES;
			};
			name = Release;
		};
		E8FAB23F1BD7D29800E89DC5 /* Debug */ = {
			isa = XCBuildConfiguration;
			buildSettings = {
				ALWAYS_SEARCH_USER_PATHS = NO;
				CLANG_CXX_LANGUAGE_STANDARD = "gnu++0x";
				CLANG_CXX_LIBRARY = "libc++";
				CLANG_ENABLE_MODULES = YES;
				CLANG_ENABLE_OBJC_ARC = YES;
				CLANG_WARN_BOOL_CONVERSION = YES;
				CLANG_WARN_CONSTANT_CONVERSION = YES;
				CLANG_WARN_DIRECT_OBJC_ISA_USAGE = YES_ERROR;
				CLANG_WARN_EMPTY_BODY = YES;
				CLANG_WARN_ENUM_CONVERSION = YES;
				CLANG_WARN_INT_CONVERSION = YES;
				CLANG_WARN_OBJC_ROOT_CLASS = YES_ERROR;
				CLANG_WARN_UNREACHABLE_CODE = YES;
				CLANG_WARN__DUPLICATE_METHOD_MATCH = YES;
				COPY_PHASE_STRIP = NO;
				DEBUG_INFORMATION_FORMAT = dwarf;
				ENABLE_STRICT_OBJC_MSGSEND = YES;
				ENABLE_TESTABILITY = YES;
				GCC_C_LANGUAGE_STANDARD = gnu99;
				GCC_DYNAMIC_NO_PIC = NO;
				GCC_NO_COMMON_BLOCKS = YES;
				GCC_OPTIMIZATION_LEVEL = 0;
				GCC_PREPROCESSOR_DEFINITIONS = (
					"DEBUG=1",
					"HAVE_OPENSSL=1",
					"$(inherited)",
				);
				GCC_WARN_64_TO_32_BIT_CONVERSION = YES;
				GCC_WARN_ABOUT_RETURN_TYPE = YES_ERROR;
				GCC_WARN_UNDECLARED_SELECTOR = YES;
				GCC_WARN_UNINITIALIZED_AUTOS = YES_AGGRESSIVE;
				GCC_WARN_UNUSED_FUNCTION = YES;
				GCC_WARN_UNUSED_VARIABLE = YES;
				IPHONEOS_DEPLOYMENT_TARGET = 9.0;
				MTL_ENABLE_DEBUG_INFO = YES;
				ONLY_ACTIVE_ARCH = YES;
				SDKROOT = iphoneos;
			};
			name = Debug;
		};
		E8FAB2401BD7D29800E89DC5 /* Release */ = {
			isa = XCBuildConfiguration;
			buildSettings = {
				ALWAYS_SEARCH_USER_PATHS = NO;
				CLANG_CXX_LANGUAGE_STANDARD = "gnu++0x";
				CLANG_CXX_LIBRARY = "libc++";
				CLANG_ENABLE_MODULES = YES;
				CLANG_ENABLE_OBJC_ARC = YES;
				CLANG_WARN_BOOL_CONVERSION = YES;
				CLANG_WARN_CONSTANT_CONVERSION = YES;
				CLANG_WARN_DIRECT_OBJC_ISA_USAGE = YES_ERROR;
				CLANG_WARN_EMPTY_BODY = YES;
				CLANG_WARN_ENUM_CONVERSION = YES;
				CLANG_WARN_INT_CONVERSION = YES;
				CLANG_WARN_OBJC_ROOT_CLASS = YES_ERROR;
				CLANG_WARN_UNREACHABLE_CODE = YES;
				CLANG_WARN__DUPLICATE_METHOD_MATCH = YES;
				COPY_PHASE_STRIP = NO;
				DEBUG_INFORMATION_FORMAT = "dwarf-with-dsym";
				ENABLE_NS_ASSERTIONS = NO;
				ENABLE_STRICT_OBJC_MSGSEND = YES;
				GCC_C_LANGUAGE_STANDARD = gnu99;
				GCC_NO_COMMON_BLOCKS = YES;
				GCC_PREPROCESSOR_DEFINITIONS = "HAVE_OPENSSL=1";
				GCC_WARN_64_TO_32_BIT_CONVERSION = YES;
				GCC_WARN_ABOUT_RETURN_TYPE = YES_ERROR;
				GCC_WARN_UNDECLARED_SELECTOR = YES;
				GCC_WARN_UNINITIALIZED_AUTOS = YES_AGGRESSIVE;
				GCC_WARN_UNUSED_FUNCTION = YES;
				GCC_WARN_UNUSED_VARIABLE = YES;
				IPHONEOS_DEPLOYMENT_TARGET = 9.0;
				MTL_ENABLE_DEBUG_INFO = NO;
				SDKROOT = iphoneos;
				VALIDATE_PRODUCT = YES;
			};
			name = Release;
		};
		E8FAB2421BD7D29800E89DC5 /* Debug */ = {
			isa = XCBuildConfiguration;
			buildSettings = {
				HEADER_SEARCH_PATHS = ../../../oslayer;
				OTHER_LDFLAGS = "-ObjC";
				PRODUCT_NAME = "$(TARGET_NAME)";
				SKIP_INSTALL = YES;
			};
			name = Debug;
		};
		E8FAB2431BD7D29800E89DC5 /* Release */ = {
			isa = XCBuildConfiguration;
			buildSettings = {
				HEADER_SEARCH_PATHS = ../../../oslayer;
				OTHER_LDFLAGS = "-ObjC";
				PRODUCT_NAME = "$(TARGET_NAME)";
				SKIP_INSTALL = YES;
			};
			name = Release;
		};
/* End XCBuildConfiguration section */

/* Begin XCConfigurationList section */
		E8E0FEBD1BD848EB00292C54 /* Build configuration list for PBXNativeTarget "http-server-cocoa" */ = {
			isa = XCConfigurationList;
			buildConfigurations = (
				E8E0FEBE1BD848EB00292C54 /* Debug */,
				E8E0FEBF1BD848EB00292C54 /* Release */,
			);
			defaultConfigurationIsVisible = 0;
			defaultConfigurationName = Release;
		};
		E8FAB2331BD7D29800E89DC5 /* Build configuration list for PBXProject "http-server" */ = {
			isa = XCConfigurationList;
			buildConfigurations = (
				E8FAB23F1BD7D29800E89DC5 /* Debug */,
				E8FAB2401BD7D29800E89DC5 /* Release */,
			);
			defaultConfigurationIsVisible = 0;
			defaultConfigurationName = Release;
		};
		E8FAB2411BD7D29800E89DC5 /* Build configuration list for PBXNativeTarget "http-server" */ = {
			isa = XCConfigurationList;
			buildConfigurations = (
				E8FAB2421BD7D29800E89DC5 /* Debug */,
				E8FAB2431BD7D29800E89DC5 /* Release */,
			);
			defaultConfigurationIsVisible = 0;
			defaultConfigurationName = Release;
		};
/* End XCConfigurationList section */
	};
	rootObject = E8FAB2301BD7D29800E89DC5 /* Project object */;
}
