// !$*UTF8*$!
{
	archiveVersion = 1;
	classes = {
	};
	objectVersion = 46;
	objects = {

/* Begin PBXBuildFile section */
		E82789341BDCEDB70009E46A /* libhttp-server-cocoa.a in Frameworks */ = {isa = PBXBuildFile; fileRef = E82789311BDCED9C0009E46A /* libhttp-server-cocoa.a */; };
		E82789401BDCEE130009E46A /* liboslayer-cocoa.a in Frameworks */ = {isa = PBXBuildFile; fileRef = E827893D1BDCEE050009E46A /* liboslayer-cocoa.a */; };
		E860A87F1C493EC7007ADE6D /* AnotherHttpServerFileBrowseTest.cpp in Sources */ = {isa = PBXBuildFile; fileRef = 6C4A9F511C0BEEA500A45604 /* AnotherHttpServerFileBrowseTest.cpp */; };
		E8B1611F1BFB6314002D68C7 /* res in CopyFiles */ = {isa = PBXBuildFile; fileRef = E8B1611E1BFB6314002D68C7 /* res */; };
/* End PBXBuildFile section */

/* Begin PBXContainerItemProxy section */
		E827892E1BDCED9C0009E46A /* PBXContainerItemProxy */ = {
			isa = PBXContainerItemProxy;
			containerPortal = E82789281BDCED9C0009E46A /* http-server.xcodeproj */;
			proxyType = 2;
			remoteGlobalIDString = E8FAB2381BD7D29800E89DC5;
			remoteInfo = "http-server";
		};
		E82789301BDCED9C0009E46A /* PBXContainerItemProxy */ = {
			isa = PBXContainerItemProxy;
			containerPortal = E82789281BDCED9C0009E46A /* http-server.xcodeproj */;
			proxyType = 2;
			remoteGlobalIDString = E8E0FEC01BD848EB00292C54;
			remoteInfo = "http-server cocoa";
		};
		E82789321BDCEDAC0009E46A /* PBXContainerItemProxy */ = {
			isa = PBXContainerItemProxy;
			containerPortal = E82789281BDCED9C0009E46A /* http-server.xcodeproj */;
			proxyType = 1;
			remoteGlobalIDString = E8E0FEA51BD848EB00292C54;
			remoteInfo = "http-server cocoa";
		};
		E827893A1BDCEE050009E46A /* PBXContainerItemProxy */ = {
			isa = PBXContainerItemProxy;
			containerPortal = E82789351BDCEE050009E46A /* oslayer.xcodeproj */;
			proxyType = 2;
			remoteGlobalIDString = E882FE7E1BD5312600E1C8C7;
			remoteInfo = oslayer;
		};
		E827893C1BDCEE050009E46A /* PBXContainerItemProxy */ = {
			isa = PBXContainerItemProxy;
			containerPortal = E82789351BDCEE050009E46A /* oslayer.xcodeproj */;
			proxyType = 2;
			remoteGlobalIDString = E8FAB21E1BD7C36200E89DC5;
			remoteInfo = "oslayer-cocoa";
		};
		E827893E1BDCEE0E0009E46A /* PBXContainerItemProxy */ = {
			isa = PBXContainerItemProxy;
			containerPortal = E82789351BDCEE050009E46A /* oslayer.xcodeproj */;
			proxyType = 1;
			remoteGlobalIDString = E8FAB2111BD7C36200E89DC5;
			remoteInfo = "oslayer-cocoa";
		};
/* End PBXContainerItemProxy section */

/* Begin PBXCopyFilesBuildPhase section */
		E827891C1BDCED880009E46A /* CopyFiles */ = {
			isa = PBXCopyFilesBuildPhase;
			buildActionMask = 12;
			dstPath = "";
			dstSubfolderSpec = 7;
			files = (
				E8B1611F1BFB6314002D68C7 /* res in CopyFiles */,
			);
			runOnlyForDeploymentPostprocessing = 0;
		};
/* End PBXCopyFilesBuildPhase section */

/* Begin PBXFileReference section */
		6C4A9F511C0BEEA500A45604 /* AnotherHttpServerFileBrowseTest.cpp */ = {isa = PBXFileReference; fileEncoding = 4; lastKnownFileType = sourcecode.cpp.cpp; name = AnotherHttpServerFileBrowseTest.cpp; path = ../../../examples/AnotherHttpServerFileBrowseTest.cpp; sourceTree = "<group>"; };
		E8075A1E1C03658C00EBE4B8 /* AnotherHttpClientTest.cpp */ = {isa = PBXFileReference; fileEncoding = 4; lastKnownFileType = sourcecode.cpp.cpp; name = AnotherHttpClientTest.cpp; path = ../../../examples/AnotherHttpClientTest.cpp; sourceTree = "<group>"; };
		E827891E1BDCED880009E46A /* http-server-console */ = {isa = PBXFileReference; explicitFileType = "compiled.mach-o.executable"; includeInIndex = 0; path = "http-server-console"; sourceTree = BUILT_PRODUCTS_DIR; };
		E82789211BDCED880009E46A /* main.cpp */ = {isa = PBXFileReference; lastKnownFileType = sourcecode.cpp.cpp; path = main.cpp; sourceTree = "<group>"; };
		E82789281BDCED9C0009E46A /* http-server.xcodeproj */ = {isa = PBXFileReference; lastKnownFileType = "wrapper.pb-project"; name = "http-server.xcodeproj"; path = "../http-server/http-server.xcodeproj"; sourceTree = "<group>"; };
		E82789351BDCEE050009E46A /* oslayer.xcodeproj */ = {isa = PBXFileReference; lastKnownFileType = "wrapper.pb-project"; name = oslayer.xcodeproj; path = ../../../oslayer/xcode/oslayer/oslayer.xcodeproj; sourceTree = "<group>"; };
		E8447C6C1BF2A5F3000E2903 /* HttpHeaderTest.cpp */ = {isa = PBXFileReference; fileEncoding = 4; lastKnownFileType = sourcecode.cpp.cpp; name = HttpHeaderTest.cpp; path = ../../../examples/HttpHeaderTest.cpp; sourceTree = "<group>"; };
		E8447C791BF2ABC6000E2903 /* PostTest.cpp */ = {isa = PBXFileReference; fileEncoding = 4; lastKnownFileType = sourcecode.cpp.cpp; name = PostTest.cpp; path = ../../../examples/PostTest.cpp; sourceTree = "<group>"; };
		E85184901C01CBE3001DD69A /* ParseUrlTest.cpp */ = {isa = PBXFileReference; fileEncoding = 4; lastKnownFileType = sourcecode.cpp.cpp; name = ParseUrlTest.cpp; path = ../../../examples/ParseUrlTest.cpp; sourceTree = "<group>"; };
		E857BAEE1BE246E600D2022F /* HttpServer.cpp */ = {isa = PBXFileReference; fileEncoding = 4; lastKnownFileType = sourcecode.cpp.cpp; name = HttpServer.cpp; path = ../../../examples/HttpServer.cpp; sourceTree = "<group>"; };
		E857BB511BEB9C2C00D2022F /* HttpClientPoll.cpp */ = {isa = PBXFileReference; fileEncoding = 4; lastKnownFileType = sourcecode.cpp.cpp; name = HttpClientPoll.cpp; path = ../../../examples/HttpClientPoll.cpp; sourceTree = "<group>"; };
		E857BB521BEB9C2C00D2022F /* HttpClientTest.cpp */ = {isa = PBXFileReference; fileEncoding = 4; lastKnownFileType = sourcecode.cpp.cpp; name = HttpClientTest.cpp; path = ../../../examples/HttpClientTest.cpp; sourceTree = "<group>"; };
		E857BB531BEB9C2C00D2022F /* HttpServerPoll.cpp */ = {isa = PBXFileReference; fileEncoding = 4; lastKnownFileType = sourcecode.cpp.cpp; name = HttpServerPoll.cpp; path = ../../../examples/HttpServerPoll.cpp; sourceTree = "<group>"; };
		E857BB631BEC0BB600D2022F /* RESTServer.cpp */ = {isa = PBXFileReference; fileEncoding = 4; lastKnownFileType = sourcecode.cpp.cpp; name = RESTServer.cpp; path = ../../../examples/RESTServer.cpp; sourceTree = "<group>"; };
		E857BB741BECF8D900D2022F /* HttpClientPoolTest.cpp */ = {isa = PBXFileReference; fileEncoding = 4; lastKnownFileType = sourcecode.cpp.cpp; name = HttpClientPoolTest.cpp; path = ../../../examples/HttpClientPoolTest.cpp; sourceTree = "<group>"; };
		E87E25391C0200E0007C3B99 /* AnotherHttpClientThreadPoolTest.cpp */ = {isa = PBXFileReference; fileEncoding = 4; lastKnownFileType = sourcecode.cpp.cpp; name = AnotherHttpClientThreadPoolTest.cpp; path = ../../../examples/AnotherHttpClientThreadPoolTest.cpp; sourceTree = "<group>"; };
		E8B160F51BFB4DB8002D68C7 /* AnotherHttpServerTest.cpp */ = {isa = PBXFileReference; fileEncoding = 4; lastKnownFileType = sourcecode.cpp.cpp; name = AnotherHttpServerTest.cpp; path = ../../../examples/AnotherHttpServerTest.cpp; sourceTree = "<group>"; };
		E8B1611E1BFB6314002D68C7 /* res */ = {isa = PBXFileReference; lastKnownFileType = folder; name = res; path = ../../examples/res; sourceTree = "<group>"; };
/* End PBXFileReference section */

/* Begin PBXFrameworksBuildPhase section */
		E827891B1BDCED880009E46A /* Frameworks */ = {
			isa = PBXFrameworksBuildPhase;
			buildActionMask = 2147483647;
			files = (
				E82789401BDCEE130009E46A /* liboslayer-cocoa.a in Frameworks */,
				E82789341BDCEDB70009E46A /* libhttp-server-cocoa.a in Frameworks */,
			);
			runOnlyForDeploymentPostprocessing = 0;
		};
/* End PBXFrameworksBuildPhase section */

/* Begin PBXGroup section */
		E82789151BDCED880009E46A = {
			isa = PBXGroup;
			children = (
				E8B1611E1BFB6314002D68C7 /* res */,
				E82789351BDCEE050009E46A /* oslayer.xcodeproj */,
				E82789281BDCED9C0009E46A /* http-server.xcodeproj */,
				E82789201BDCED880009E46A /* http-server-console */,
				E827891F1BDCED880009E46A /* Products */,
			);
			sourceTree = "<group>";
		};
		E827891F1BDCED880009E46A /* Products */ = {
			isa = PBXGroup;
			children = (
				E827891E1BDCED880009E46A /* http-server-console */,
			);
			name = Products;
			sourceTree = "<group>";
		};
		E82789201BDCED880009E46A /* http-server-console */ = {
			isa = PBXGroup;
			children = (
				6C4A9F511C0BEEA500A45604 /* AnotherHttpServerFileBrowseTest.cpp */,
				E8075A1E1C03658C00EBE4B8 /* AnotherHttpClientTest.cpp */,
				E87E25391C0200E0007C3B99 /* AnotherHttpClientThreadPoolTest.cpp */,
				E8B160F51BFB4DB8002D68C7 /* AnotherHttpServerTest.cpp */,
				E8447C6C1BF2A5F3000E2903 /* HttpHeaderTest.cpp */,
				E857BB511BEB9C2C00D2022F /* HttpClientPoll.cpp */,
				E857BB521BEB9C2C00D2022F /* HttpClientTest.cpp */,
				E857BB531BEB9C2C00D2022F /* HttpServerPoll.cpp */,
				E82789211BDCED880009E46A /* main.cpp */,
				E857BAEE1BE246E600D2022F /* HttpServer.cpp */,
				E857BB631BEC0BB600D2022F /* RESTServer.cpp */,
				E857BB741BECF8D900D2022F /* HttpClientPoolTest.cpp */,
				E8447C791BF2ABC6000E2903 /* PostTest.cpp */,
				E85184901C01CBE3001DD69A /* ParseUrlTest.cpp */,
			);
			path = "http-server-console";
			sourceTree = "<group>";
		};
		E82789291BDCED9C0009E46A /* Products */ = {
			isa = PBXGroup;
			children = (
				E827892F1BDCED9C0009E46A /* libhttp-server.a */,
				E82789311BDCED9C0009E46A /* libhttp-server-cocoa.a */,
			);
			name = Products;
			sourceTree = "<group>";
		};
		E82789361BDCEE050009E46A /* Products */ = {
			isa = PBXGroup;
			children = (
				E827893B1BDCEE050009E46A /* liboslayer.a */,
				E827893D1BDCEE050009E46A /* liboslayer-cocoa.a */,
			);
			name = Products;
			sourceTree = "<group>";
		};
/* End PBXGroup section */

/* Begin PBXNativeTarget section */
		E827891D1BDCED880009E46A /* http-server-console */ = {
			isa = PBXNativeTarget;
			buildConfigurationList = E82789251BDCED880009E46A /* Build configuration list for PBXNativeTarget "http-server-console" */;
			buildPhases = (
				E827891A1BDCED880009E46A /* Sources */,
				E827891B1BDCED880009E46A /* Frameworks */,
				E827891C1BDCED880009E46A /* CopyFiles */,
			);
			buildRules = (
			);
			dependencies = (
				E827893F1BDCEE0E0009E46A /* PBXTargetDependency */,
				E82789331BDCEDAC0009E46A /* PBXTargetDependency */,
			);
			name = "http-server-console";
			productName = "http-server-console";
			productReference = E827891E1BDCED880009E46A /* http-server-console */;
			productType = "com.apple.product-type.tool";
		};
/* End PBXNativeTarget section */

/* Begin PBXProject section */
		E82789161BDCED880009E46A /* Project object */ = {
			isa = PBXProject;
			attributes = {
				LastUpgradeCheck = 0700;
				ORGANIZATIONNAME = TJ;
				TargetAttributes = {
					E827891D1BDCED880009E46A = {
						CreatedOnToolsVersion = 7.0.1;
					};
				};
			};
			buildConfigurationList = E82789191BDCED880009E46A /* Build configuration list for PBXProject "http-server-console" */;
			compatibilityVersion = "Xcode 3.2";
			developmentRegion = English;
			hasScannedForEncodings = 0;
			knownRegions = (
				en,
			);
			mainGroup = E82789151BDCED880009E46A;
			productRefGroup = E827891F1BDCED880009E46A /* Products */;
			projectDirPath = "";
			projectReferences = (
				{
					ProductGroup = E82789291BDCED9C0009E46A /* Products */;
					ProjectRef = E82789281BDCED9C0009E46A /* http-server.xcodeproj */;
				},
				{
					ProductGroup = E82789361BDCEE050009E46A /* Products */;
					ProjectRef = E82789351BDCEE050009E46A /* oslayer.xcodeproj */;
				},
			);
			projectRoot = "";
			targets = (
				E827891D1BDCED880009E46A /* http-server-console */,
			);
		};
/* End PBXProject section */

/* Begin PBXReferenceProxy section */
		E827892F1BDCED9C0009E46A /* libhttp-server.a */ = {
			isa = PBXReferenceProxy;
			fileType = archive.ar;
			path = "libhttp-server.a";
			remoteRef = E827892E1BDCED9C0009E46A /* PBXContainerItemProxy */;
			sourceTree = BUILT_PRODUCTS_DIR;
		};
		E82789311BDCED9C0009E46A /* libhttp-server-cocoa.a */ = {
			isa = PBXReferenceProxy;
			fileType = archive.ar;
			path = "libhttp-server-cocoa.a";
			remoteRef = E82789301BDCED9C0009E46A /* PBXContainerItemProxy */;
			sourceTree = BUILT_PRODUCTS_DIR;
		};
		E827893B1BDCEE050009E46A /* liboslayer.a */ = {
			isa = PBXReferenceProxy;
			fileType = archive.ar;
			path = liboslayer.a;
			remoteRef = E827893A1BDCEE050009E46A /* PBXContainerItemProxy */;
			sourceTree = BUILT_PRODUCTS_DIR;
		};
		E827893D1BDCEE050009E46A /* liboslayer-cocoa.a */ = {
			isa = PBXReferenceProxy;
			fileType = archive.ar;
			path = "liboslayer-cocoa.a";
			remoteRef = E827893C1BDCEE050009E46A /* PBXContainerItemProxy */;
			sourceTree = BUILT_PRODUCTS_DIR;
		};
/* End PBXReferenceProxy section */

/* Begin PBXSourcesBuildPhase section */
		E827891A1BDCED880009E46A /* Sources */ = {
			isa = PBXSourcesBuildPhase;
			buildActionMask = 2147483647;
			files = (
				E860A87F1C493EC7007ADE6D /* AnotherHttpServerFileBrowseTest.cpp in Sources */,
			);
			runOnlyForDeploymentPostprocessing = 0;
		};
/* End PBXSourcesBuildPhase section */

/* Begin PBXTargetDependency section */
		E82789331BDCEDAC0009E46A /* PBXTargetDependency */ = {
			isa = PBXTargetDependency;
			name = "http-server cocoa";
			targetProxy = E82789321BDCEDAC0009E46A /* PBXContainerItemProxy */;
		};
		E827893F1BDCEE0E0009E46A /* PBXTargetDependency */ = {
			isa = PBXTargetDependency;
			name = "oslayer-cocoa";
			targetProxy = E827893E1BDCEE0E0009E46A /* PBXContainerItemProxy */;
		};
/* End PBXTargetDependency section */

/* Begin XCBuildConfiguration section */
		E82789231BDCED880009E46A /* Debug */ = {
			isa = XCBuildConfiguration;
			buildSettings = {
				ALWAYS_SEARCH_USER_PATHS = NO;
				CLANG_CXX_LANGUAGE_STANDARD = "gnu++0x";
				CLANG_CXX_LIBRARY = "libc++";
				CLANG_ENABLE_MODULES = YES;
				CLANG_ENABLE_OBJC_ARC = YES;
				CLANG_WARN_BOOL_CONVERSION = YES;
				CLANG_WARN_CONSTANT_CONVERSION = YES;
				CLANG_WARN_DIRECT_OBJC_ISA_USAGE = YES_ERROR;
				CLANG_WARN_EMPTY_BODY = YES;
				CLANG_WARN_ENUM_CONVERSION = YES;
				CLANG_WARN_INT_CONVERSION = YES;
				CLANG_WARN_OBJC_ROOT_CLASS = YES_ERROR;
				CLANG_WARN_UNREACHABLE_CODE = YES;
				CLANG_WARN__DUPLICATE_METHOD_MATCH = YES;
				COPY_PHASE_STRIP = NO;
				DEBUG_INFORMATION_FORMAT = dwarf;
				ENABLE_STRICT_OBJC_MSGSEND = YES;
				ENABLE_TESTABILITY = YES;
				GCC_C_LANGUAGE_STANDARD = gnu99;
				GCC_DYNAMIC_NO_PIC = NO;
				GCC_NO_COMMON_BLOCKS = YES;
				GCC_OPTIMIZATION_LEVEL = 0;
				GCC_PREPROCESSOR_DEFINITIONS = (
					"DEBUG=1",
					"$(inherited)",
				);
				GCC_WARN_64_TO_32_BIT_CONVERSION = YES;
				GCC_WARN_ABOUT_RETURN_TYPE = YES_ERROR;
				GCC_WARN_UNDECLARED_SELECTOR = YES;
				GCC_WARN_UNINITIALIZED_AUTOS = YES_AGGRESSIVE;
				GCC_WARN_UNUSED_FUNCTION = YES;
				GCC_WARN_UNUSED_VARIABLE = YES;
				MACOSX_DEPLOYMENT_TARGET = 10.11;
				MTL_ENABLE_DEBUG_INFO = YES;
				ONLY_ACTIVE_ARCH = YES;
				SDKROOT = macosx;
			};
			name = Debug;
		};
		E82789241BDCED880009E46A /* Release */ = {
			isa = XCBuildConfiguration;
			buildSettings = {
				ALWAYS_SEARCH_USER_PATHS = NO;
				CLANG_CXX_LANGUAGE_STANDARD = "gnu++0x";
				CLANG_CXX_LIBRARY = "libc++";
				CLANG_ENABLE_MODULES = YES;
				CLANG_ENABLE_OBJC_ARC = YES;
				CLANG_WARN_BOOL_CONVERSION = YES;
				CLANG_WARN_CONSTANT_CONVERSION = YES;
				CLANG_WARN_DIRECT_OBJC_ISA_USAGE = YES_ERROR;
				CLANG_WARN_EMPTY_BODY = YES;
				CLANG_WARN_ENUM_CONVERSION = YES;
				CLANG_WARN_INT_CONVERSION = YES;
				CLANG_WARN_OBJC_ROOT_CLASS = YES_ERROR;
				CLANG_WARN_UNREACHABLE_CODE = YES;
				CLANG_WARN__DUPLICATE_METHOD_MATCH = YES;
				COPY_PHASE_STRIP = NO;
				DEBUG_INFORMATION_FORMAT = "dwarf-with-dsym";
				ENABLE_NS_ASSERTIONS = NO;
				ENABLE_STRICT_OBJC_MSGSEND = YES;
				GCC_C_LANGUAGE_STANDARD = gnu99;
				GCC_NO_COMMON_BLOCKS = YES;
				GCC_WARN_64_TO_32_BIT_CONVERSION = YES;
				GCC_WARN_ABOUT_RETURN_TYPE = YES_ERROR;
				GCC_WARN_UNDECLARED_SELECTOR = YES;
				GCC_WARN_UNINITIALIZED_AUTOS = YES_AGGRESSIVE;
				GCC_WARN_UNUSED_FUNCTION = YES;
				GCC_WARN_UNUSED_VARIABLE = YES;
				MACOSX_DEPLOYMENT_TARGET = 10.11;
				MTL_ENABLE_DEBUG_INFO = NO;
				SDKROOT = macosx;
			};
			name = Release;
		};
		E82789261BDCED880009E46A /* Debug */ = {
			isa = XCBuildConfiguration;
			buildSettings = {
				HEADER_SEARCH_PATHS = (
					../../,
					../../../oslayer,
				);
				OTHER_CPLUSPLUSFLAGS = (
					"$(OTHER_CFLAGS)",
					"-I/usr/local/ssl/openssl_x86_64/include",
				);
				OTHER_LDFLAGS = (
					"-L/usr/local/ssl/openssl_x86_64/lib",
					"-lssl",
					"-lcrypto",
				);
				PRODUCT_NAME = "$(TARGET_NAME)";
			};
			name = Debug;
		};
		E82789271BDCED880009E46A /* Release */ = {
			isa = XCBuildConfiguration;
			buildSettings = {
				HEADER_SEARCH_PATHS = (
					../../,
					../../../oslayer,
				);
				OTHER_CPLUSPLUSFLAGS = (
					"$(OTHER_CFLAGS)",
					"-I/usr/local/ssl/openssl_x86_64/include",
				);
				OTHER_LDFLAGS = (
					"-L/usr/local/ssl/openssl_x86_64/lib",
					"-lssl",
					"-lcrypto",
				);
				PRODUCT_NAME = "$(TARGET_NAME)";
			};
			name = Release;
		};
/* End XCBuildConfiguration section */

/* Begin XCConfigurationList section */
		E82789191BDCED880009E46A /* Build configuration list for PBXProject "http-server-console" */ = {
			isa = XCConfigurationList;
			buildConfigurations = (
				E82789231BDCED880009E46A /* Debug */,
				E82789241BDCED880009E46A /* Release */,
			);
			defaultConfigurationIsVisible = 0;
			defaultConfigurationName = Release;
		};
		E82789251BDCED880009E46A /* Build configuration list for PBXNativeTarget "http-server-console" */ = {
			isa = XCConfigurationList;
			buildConfigurations = (
				E82789261BDCED880009E46A /* Debug */,
				E82789271BDCED880009E46A /* Release */,
			);
			defaultConfigurationIsVisible = 0;
			defaultConfigurationName = Release;
		};
/* End XCConfigurationList section */
	};
	rootObject = E82789161BDCED880009E46A /* Project object */;
}
